// !$*UTF8*$!
{
	archiveVersion = 1;
	classes = {
	};
	objectVersion = 55;
	objects = {

/* Begin PBXBuildFile section */
		36EAC2052865B5E4007298E8 /* LunchTogetherApp.swift in Sources */ = {isa = PBXBuildFile; fileRef = 36EAC2042865B5E4007298E8 /* LunchTogetherApp.swift */; };
		36EAC2072865B5E4007298E8 /* LocationsView.swift in Sources */ = {isa = PBXBuildFile; fileRef = 36EAC2062865B5E4007298E8 /* LocationsView.swift */; };
		36EAC2092865B5E5007298E8 /* Assets.xcassets in Resources */ = {isa = PBXBuildFile; fileRef = 36EAC2082865B5E5007298E8 /* Assets.xcassets */; };
		36EAC20C2865B5E5007298E8 /* Preview Assets.xcassets in Resources */ = {isa = PBXBuildFile; fileRef = 36EAC20B2865B5E5007298E8 /* Preview Assets.xcassets */; };
		36EAC2152865B77D007298E8 /* LocationsViewModel.swift in Sources */ = {isa = PBXBuildFile; fileRef = 36EAC2142865B77D007298E8 /* LocationsViewModel.swift */; };
		36EAC2182865B947007298E8 /* Location.swift in Sources */ = {isa = PBXBuildFile; fileRef = 36EAC2172865B947007298E8 /* Location.swift */; };
		36EAC21B2865C29C007298E8 /* LunchesView.swift in Sources */ = {isa = PBXBuildFile; fileRef = 36EAC21A2865C29C007298E8 /* LunchesView.swift */; };
		36EAC21D2865C2CB007298E8 /* LunchesViewModel.swift in Sources */ = {isa = PBXBuildFile; fileRef = 36EAC21C2865C2CB007298E8 /* LunchesViewModel.swift */; };
		36EAC21F2865C4EB007298E8 /* Lunch.swift in Sources */ = {isa = PBXBuildFile; fileRef = 36EAC21E2865C4EB007298E8 /* Lunch.swift */; };
		36EAC2212865C630007298E8 /* Participant.swift in Sources */ = {isa = PBXBuildFile; fileRef = 36EAC2202865C630007298E8 /* Participant.swift */; };
		36EAC2242865D050007298E8 /* LunchesFormView.swift in Sources */ = {isa = PBXBuildFile; fileRef = 36EAC2232865D050007298E8 /* LunchesFormView.swift */; };
		36EAC2272865D097007298E8 /* XRoundedDismissButton.swift in Sources */ = {isa = PBXBuildFile; fileRef = 36EAC2262865D097007298E8 /* XRoundedDismissButton.swift */; };
		36EAC2292865D2E8007298E8 /* LunchesFormViewModel.swift in Sources */ = {isa = PBXBuildFile; fileRef = 36EAC2282865D2E8007298E8 /* LunchesFormViewModel.swift */; };
/* End PBXBuildFile section */

/* Begin PBXFileReference section */
		36EAC2012865B5E4007298E8 /* LunchTogether.app */ = {isa = PBXFileReference; explicitFileType = wrapper.application; includeInIndex = 0; path = LunchTogether.app; sourceTree = BUILT_PRODUCTS_DIR; };
		36EAC2042865B5E4007298E8 /* LunchTogetherApp.swift */ = {isa = PBXFileReference; lastKnownFileType = sourcecode.swift; path = LunchTogetherApp.swift; sourceTree = "<group>"; };
		36EAC2062865B5E4007298E8 /* LocationsView.swift */ = {isa = PBXFileReference; lastKnownFileType = sourcecode.swift; path = LocationsView.swift; sourceTree = "<group>"; };
		36EAC2082865B5E5007298E8 /* Assets.xcassets */ = {isa = PBXFileReference; lastKnownFileType = folder.assetcatalog; path = Assets.xcassets; sourceTree = "<group>"; };
		36EAC20B2865B5E5007298E8 /* Preview Assets.xcassets */ = {isa = PBXFileReference; lastKnownFileType = folder.assetcatalog; path = "Preview Assets.xcassets"; sourceTree = "<group>"; };
		36EAC2142865B77D007298E8 /* LocationsViewModel.swift */ = {isa = PBXFileReference; lastKnownFileType = sourcecode.swift; path = LocationsViewModel.swift; sourceTree = "<group>"; };
		36EAC2172865B947007298E8 /* Location.swift */ = {isa = PBXFileReference; lastKnownFileType = sourcecode.swift; path = Location.swift; sourceTree = "<group>"; };
		36EAC21A2865C29C007298E8 /* LunchesView.swift */ = {isa = PBXFileReference; lastKnownFileType = sourcecode.swift; path = LunchesView.swift; sourceTree = "<group>"; };
		36EAC21C2865C2CB007298E8 /* LunchesViewModel.swift */ = {isa = PBXFileReference; lastKnownFileType = sourcecode.swift; path = LunchesViewModel.swift; sourceTree = "<group>"; };
		36EAC21E2865C4EB007298E8 /* Lunch.swift */ = {isa = PBXFileReference; lastKnownFileType = sourcecode.swift; path = Lunch.swift; sourceTree = "<group>"; };
		36EAC2202865C630007298E8 /* Participant.swift */ = {isa = PBXFileReference; lastKnownFileType = sourcecode.swift; path = Participant.swift; sourceTree = "<group>"; };
		36EAC2232865D050007298E8 /* LunchesFormView.swift */ = {isa = PBXFileReference; lastKnownFileType = sourcecode.swift; path = LunchesFormView.swift; sourceTree = "<group>"; };
		36EAC2262865D097007298E8 /* XRoundedDismissButton.swift */ = {isa = PBXFileReference; lastKnownFileType = sourcecode.swift; path = XRoundedDismissButton.swift; sourceTree = "<group>"; };
		36EAC2282865D2E8007298E8 /* LunchesFormViewModel.swift */ = {isa = PBXFileReference; lastKnownFileType = sourcecode.swift; path = LunchesFormViewModel.swift; sourceTree = "<group>"; };
/* End PBXFileReference section */

/* Begin PBXFrameworksBuildPhase section */
		36EAC1FE2865B5E4007298E8 /* Frameworks */ = {
			isa = PBXFrameworksBuildPhase;
			buildActionMask = 2147483647;
			files = (
			);
			runOnlyForDeploymentPostprocessing = 0;
		};
/* End PBXFrameworksBuildPhase section */

/* Begin PBXGroup section */
		36EAC1F82865B5E4007298E8 = {
			isa = PBXGroup;
			children = (
				36EAC2032865B5E4007298E8 /* LunchTogether */,
				36EAC2022865B5E4007298E8 /* Products */,
			);
			sourceTree = "<group>";
		};
		36EAC2022865B5E4007298E8 /* Products */ = {
			isa = PBXGroup;
			children = (
				36EAC2012865B5E4007298E8 /* LunchTogether.app */,
			);
			name = Products;
			sourceTree = "<group>";
		};
		36EAC2032865B5E4007298E8 /* LunchTogether */ = {
			isa = PBXGroup;
			children = (
				36EAC2042865B5E4007298E8 /* LunchTogetherApp.swift */,
				36EAC2122865B67E007298E8 /* Views */,
				36EAC2162865B92B007298E8 /* Model */,
				36EAC2082865B5E5007298E8 /* Assets.xcassets */,
				36EAC20A2865B5E5007298E8 /* Preview Content */,
			);
			path = LunchTogether;
			sourceTree = "<group>";
		};
		36EAC20A2865B5E5007298E8 /* Preview Content */ = {
			isa = PBXGroup;
			children = (
				36EAC20B2865B5E5007298E8 /* Preview Assets.xcassets */,
			);
			path = "Preview Content";
			sourceTree = "<group>";
		};
		36EAC2122865B67E007298E8 /* Views */ = {
			isa = PBXGroup;
			children = (
				36EAC2252865D086007298E8 /* Buttons */,
				36EAC2192865C258007298E8 /* LunchesView */,
				36EAC2132865B765007298E8 /* LocationsView */,
			);
			path = Views;
			sourceTree = "<group>";
		};
		36EAC2132865B765007298E8 /* LocationsView */ = {
			isa = PBXGroup;
			children = (
				36EAC2062865B5E4007298E8 /* LocationsView.swift */,
				36EAC2142865B77D007298E8 /* LocationsViewModel.swift */,
			);
			path = LocationsView;
			sourceTree = "<group>";
		};
		36EAC2162865B92B007298E8 /* Model */ = {
			isa = PBXGroup;
			children = (
				36EAC2172865B947007298E8 /* Location.swift */,
				36EAC21E2865C4EB007298E8 /* Lunch.swift */,
				36EAC2202865C630007298E8 /* Participant.swift */,
			);
			path = Model;
			sourceTree = "<group>";
		};
		36EAC2192865C258007298E8 /* LunchesView */ = {
			isa = PBXGroup;
			children = (
				36EAC21A2865C29C007298E8 /* LunchesView.swift */,
				36EAC21C2865C2CB007298E8 /* LunchesViewModel.swift */,
				36EAC2222865D018007298E8 /* LunchesFormView */,
			);
			path = LunchesView;
			sourceTree = "<group>";
		};
		36EAC2222865D018007298E8 /* LunchesFormView */ = {
			isa = PBXGroup;
			children = (
				36EAC2232865D050007298E8 /* LunchesFormView.swift */,
				36EAC2282865D2E8007298E8 /* LunchesFormViewModel.swift */,
			);
			path = LunchesFormView;
			sourceTree = "<group>";
		};
		36EAC2252865D086007298E8 /* Buttons */ = {
			isa = PBXGroup;
			children = (
				36EAC2262865D097007298E8 /* XRoundedDismissButton.swift */,
			);
			path = Buttons;
			sourceTree = "<group>";
		};
/* End PBXGroup section */

/* Begin PBXNativeTarget section */
		36EAC2002865B5E4007298E8 /* LunchTogether */ = {
			isa = PBXNativeTarget;
			buildConfigurationList = 36EAC20F2865B5E5007298E8 /* Build configuration list for PBXNativeTarget "LunchTogether" */;
			buildPhases = (
				36EAC1FD2865B5E4007298E8 /* Sources */,
				36EAC1FE2865B5E4007298E8 /* Frameworks */,
				36EAC1FF2865B5E4007298E8 /* Resources */,
			);
			buildRules = (
			);
			dependencies = (
			);
			name = LunchTogether;
			productName = LunchTogether;
			productReference = 36EAC2012865B5E4007298E8 /* LunchTogether.app */;
			productType = "com.apple.product-type.application";
		};
/* End PBXNativeTarget section */

/* Begin PBXProject section */
		36EAC1F92865B5E4007298E8 /* Project object */ = {
			isa = PBXProject;
			attributes = {
				BuildIndependentTargetsInParallel = 1;
				LastSwiftUpdateCheck = 1340;
				LastUpgradeCheck = 1340;
				TargetAttributes = {
					36EAC2002865B5E4007298E8 = {
						CreatedOnToolsVersion = 13.4.1;
					};
				};
			};
			buildConfigurationList = 36EAC1FC2865B5E4007298E8 /* Build configuration list for PBXProject "LunchTogether" */;
			compatibilityVersion = "Xcode 13.0";
			developmentRegion = en;
			hasScannedForEncodings = 0;
			knownRegions = (
				en,
				Base,
			);
			mainGroup = 36EAC1F82865B5E4007298E8;
			productRefGroup = 36EAC2022865B5E4007298E8 /* Products */;
			projectDirPath = "";
			projectRoot = "";
			targets = (
				36EAC2002865B5E4007298E8 /* LunchTogether */,
			);
		};
/* End PBXProject section */

/* Begin PBXResourcesBuildPhase section */
		36EAC1FF2865B5E4007298E8 /* Resources */ = {
			isa = PBXResourcesBuildPhase;
			buildActionMask = 2147483647;
			files = (
				36EAC20C2865B5E5007298E8 /* Preview Assets.xcassets in Resources */,
				36EAC2092865B5E5007298E8 /* Assets.xcassets in Resources */,
			);
			runOnlyForDeploymentPostprocessing = 0;
		};
/* End PBXResourcesBuildPhase section */

/* Begin PBXSourcesBuildPhase section */
		36EAC1FD2865B5E4007298E8 /* Sources */ = {
			isa = PBXSourcesBuildPhase;
			buildActionMask = 2147483647;
			files = (
				36EAC2072865B5E4007298E8 /* LocationsView.swift in Sources */,
				36EAC2152865B77D007298E8 /* LocationsViewModel.swift in Sources */,
				36EAC2182865B947007298E8 /* Location.swift in Sources */,
				36EAC2272865D097007298E8 /* XRoundedDismissButton.swift in Sources */,
				36EAC2212865C630007298E8 /* Participant.swift in Sources */,
				36EAC21F2865C4EB007298E8 /* Lunch.swift in Sources */,
				36EAC2292865D2E8007298E8 /* LunchesFormViewModel.swift in Sources */,
				36EAC21B2865C29C007298E8 /* LunchesView.swift in Sources */,
				36EAC2242865D050007298E8 /* LunchesFormView.swift in Sources */,
				36EAC2052865B5E4007298E8 /* LunchTogetherApp.swift in Sources */,
				36EAC21D2865C2CB007298E8 /* LunchesViewModel.swift in Sources */,
			);
			runOnlyForDeploymentPostprocessing = 0;
		};
/* End PBXSourcesBuildPhase section */

/* Begin XCBuildConfiguration section */
		36EAC20D2865B5E5007298E8 /* Debug */ = {
			isa = XCBuildConfiguration;
			buildSettings = {
				ALWAYS_SEARCH_USER_PATHS = NO;
				CLANG_ANALYZER_NONNULL = YES;
				CLANG_ANALYZER_NUMBER_OBJECT_CONVERSION = YES_AGGRESSIVE;
				CLANG_CXX_LANGUAGE_STANDARD = "gnu++17";
				CLANG_ENABLE_MODULES = YES;
				CLANG_ENABLE_OBJC_ARC = YES;
				CLANG_ENABLE_OBJC_WEAK = YES;
				CLANG_WARN_BLOCK_CAPTURE_AUTORELEASING = YES;
				CLANG_WARN_BOOL_CONVERSION = YES;
				CLANG_WARN_COMMA = YES;
				CLANG_WARN_CONSTANT_CONVERSION = YES;
				CLANG_WARN_DEPRECATED_OBJC_IMPLEMENTATIONS = YES;
				CLANG_WARN_DIRECT_OBJC_ISA_USAGE = YES_ERROR;
				CLANG_WARN_DOCUMENTATION_COMMENTS = YES;
				CLANG_WARN_EMPTY_BODY = YES;
				CLANG_WARN_ENUM_CONVERSION = YES;
				CLANG_WARN_INFINITE_RECURSION = YES;
				CLANG_WARN_INT_CONVERSION = YES;
				CLANG_WARN_NON_LITERAL_NULL_CONVERSION = YES;
				CLANG_WARN_OBJC_IMPLICIT_RETAIN_SELF = YES;
				CLANG_WARN_OBJC_LITERAL_CONVERSION = YES;
				CLANG_WARN_OBJC_ROOT_CLASS = YES_ERROR;
				CLANG_WARN_QUOTED_INCLUDE_IN_FRAMEWORK_HEADER = YES;
				CLANG_WARN_RANGE_LOOP_ANALYSIS = YES;
				CLANG_WARN_STRICT_PROTOTYPES = YES;
				CLANG_WARN_SUSPICIOUS_MOVE = YES;
				CLANG_WARN_UNGUARDED_AVAILABILITY = YES_AGGRESSIVE;
				CLANG_WARN_UNREACHABLE_CODE = YES;
				CLANG_WARN__DUPLICATE_METHOD_MATCH = YES;
				COPY_PHASE_STRIP = NO;
				DEBUG_INFORMATION_FORMAT = dwarf;
				ENABLE_STRICT_OBJC_MSGSEND = YES;
				ENABLE_TESTABILITY = YES;
				GCC_C_LANGUAGE_STANDARD = gnu11;
				GCC_DYNAMIC_NO_PIC = NO;
				GCC_NO_COMMON_BLOCKS = YES;
				GCC_OPTIMIZATION_LEVEL = 0;
				GCC_PREPROCESSOR_DEFINITIONS = (
					"DEBUG=1",
					"$(inherited)",
				);
				GCC_WARN_64_TO_32_BIT_CONVERSION = YES;
				GCC_WARN_ABOUT_RETURN_TYPE = YES_ERROR;
				GCC_WARN_UNDECLARED_SELECTOR = YES;
				GCC_WARN_UNINITIALIZED_AUTOS = YES_AGGRESSIVE;
				GCC_WARN_UNUSED_FUNCTION = YES;
				GCC_WARN_UNUSED_VARIABLE = YES;
				IPHONEOS_DEPLOYMENT_TARGET = 15.5;
				MTL_ENABLE_DEBUG_INFO = INCLUDE_SOURCE;
				MTL_FAST_MATH = YES;
				ONLY_ACTIVE_ARCH = YES;
				SDKROOT = iphoneos;
				SWIFT_ACTIVE_COMPILATION_CONDITIONS = DEBUG;
				SWIFT_OPTIMIZATION_LEVEL = "-Onone";
			};
			name = Debug;
		};
		36EAC20E2865B5E5007298E8 /* Release */ = {
			isa = XCBuildConfiguration;
			buildSettings = {
				ALWAYS_SEARCH_USER_PATHS = NO;
				CLANG_ANALYZER_NONNULL = YES;
				CLANG_ANALYZER_NUMBER_OBJECT_CONVERSION = YES_AGGRESSIVE;
				CLANG_CXX_LANGUAGE_STANDARD = "gnu++17";
				CLANG_ENABLE_MODULES = YES;
				CLANG_ENABLE_OBJC_ARC = YES;
				CLANG_ENABLE_OBJC_WEAK = YES;
				CLANG_WARN_BLOCK_CAPTURE_AUTORELEASING = YES;
				CLANG_WARN_BOOL_CONVERSION = YES;
				CLANG_WARN_COMMA = YES;
				CLANG_WARN_CONSTANT_CONVERSION = YES;
				CLANG_WARN_DEPRECATED_OBJC_IMPLEMENTATIONS = YES;
				CLANG_WARN_DIRECT_OBJC_ISA_USAGE = YES_ERROR;
				CLANG_WARN_DOCUMENTATION_COMMENTS = YES;
				CLANG_WARN_EMPTY_BODY = YES;
				CLANG_WARN_ENUM_CONVERSION = YES;
				CLANG_WARN_INFINITE_RECURSION = YES;
				CLANG_WARN_INT_CONVERSION = YES;
				CLANG_WARN_NON_LITERAL_NULL_CONVERSION = YES;
				CLANG_WARN_OBJC_IMPLICIT_RETAIN_SELF = YES;
				CLANG_WARN_OBJC_LITERAL_CONVERSION = YES;
				CLANG_WARN_OBJC_ROOT_CLASS = YES_ERROR;
				CLANG_WARN_QUOTED_INCLUDE_IN_FRAMEWORK_HEADER = YES;
				CLANG_WARN_RANGE_LOOP_ANALYSIS = YES;
				CLANG_WARN_STRICT_PROTOTYPES = YES;
				CLANG_WARN_SUSPICIOUS_MOVE = YES;
				CLANG_WARN_UNGUARDED_AVAILABILITY = YES_AGGRESSIVE;
				CLANG_WARN_UNREACHABLE_CODE = YES;
				CLANG_WARN__DUPLICATE_METHOD_MATCH = YES;
				COPY_PHASE_STRIP = NO;
				DEBUG_INFORMATION_FORMAT = "dwarf-with-dsym";
				ENABLE_NS_ASSERTIONS = NO;
				ENABLE_STRICT_OBJC_MSGSEND = YES;
				GCC_C_LANGUAGE_STANDARD = gnu11;
				GCC_NO_COMMON_BLOCKS = YES;
				GCC_WARN_64_TO_32_BIT_CONVERSION = YES;
				GCC_WARN_ABOUT_RETURN_TYPE = YES_ERROR;
				GCC_WARN_UNDECLARED_SELECTOR = YES;
				GCC_WARN_UNINITIALIZED_AUTOS = YES_AGGRESSIVE;
				GCC_WARN_UNUSED_FUNCTION = YES;
				GCC_WARN_UNUSED_VARIABLE = YES;
				IPHONEOS_DEPLOYMENT_TARGET = 15.5;
				MTL_ENABLE_DEBUG_INFO = NO;
				MTL_FAST_MATH = YES;
				SDKROOT = iphoneos;
				SWIFT_COMPILATION_MODE = wholemodule;
				SWIFT_OPTIMIZATION_LEVEL = "-O";
				VALIDATE_PRODUCT = YES;
			};
			name = Release;
		};
		36EAC2102865B5E5007298E8 /* Debug */ = {
			isa = XCBuildConfiguration;
			buildSettings = {
				ASSETCATALOG_COMPILER_APPICON_NAME = AppIcon;
				ASSETCATALOG_COMPILER_GLOBAL_ACCENT_COLOR_NAME = AccentColor;
				CODE_SIGN_STYLE = Automatic;
				CURRENT_PROJECT_VERSION = 1;
				DEVELOPMENT_ASSET_PATHS = "\"LunchTogether/Preview Content\"";
				ENABLE_PREVIEWS = YES;
				GENERATE_INFOPLIST_FILE = YES;
				INFOPLIST_KEY_UIApplicationSceneManifest_Generation = YES;
				INFOPLIST_KEY_UIApplicationSupportsIndirectInputEvents = YES;
				INFOPLIST_KEY_UILaunchScreen_Generation = YES;
				INFOPLIST_KEY_UISupportedInterfaceOrientations_iPad = "UIInterfaceOrientationPortrait UIInterfaceOrientationPortraitUpsideDown UIInterfaceOrientationLandscapeLeft UIInterfaceOrientationLandscapeRight";
				INFOPLIST_KEY_UISupportedInterfaceOrientations_iPhone = "UIInterfaceOrientationPortrait UIInterfaceOrientationLandscapeLeft UIInterfaceOrientationLandscapeRight";
				LD_RUNPATH_SEARCH_PATHS = (
					"$(inherited)",
					"@executable_path/Frameworks",
				);
				MARKETING_VERSION = 1.0;
				PRODUCT_BUNDLE_IDENTIFIER = check24.LunchTogether;
				PRODUCT_NAME = "$(TARGET_NAME)";
				SWIFT_EMIT_LOC_STRINGS = YES;
				SWIFT_VERSION = 5.0;
				TARGETED_DEVICE_FAMILY = "1,2";
			};
			name = Debug;
		};
		36EAC2112865B5E5007298E8 /* Release */ = {
			isa = XCBuildConfiguration;
			buildSettings = {
				ASSETCATALOG_COMPILER_APPICON_NAME = AppIcon;
				ASSETCATALOG_COMPILER_GLOBAL_ACCENT_COLOR_NAME = AccentColor;
				CODE_SIGN_STYLE = Automatic;
				CURRENT_PROJECT_VERSION = 1;
				DEVELOPMENT_ASSET_PATHS = "\"LunchTogether/Preview Content\"";
				ENABLE_PREVIEWS = YES;
				GENERATE_INFOPLIST_FILE = YES;
				INFOPLIST_KEY_UIApplicationSceneManifest_Generation = YES;
				INFOPLIST_KEY_UIApplicationSupportsIndirectInputEvents = YES;
				INFOPLIST_KEY_UILaunchScreen_Generation = YES;
				INFOPLIST_KEY_UISupportedInterfaceOrientations_iPad = "UIInterfaceOrientationPortrait UIInterfaceOrientationPortraitUpsideDown UIInterfaceOrientationLandscapeLeft UIInterfaceOrientationLandscapeRight";
				INFOPLIST_KEY_UISupportedInterfaceOrientations_iPhone = "UIInterfaceOrientationPortrait UIInterfaceOrientationLandscapeLeft UIInterfaceOrientationLandscapeRight";
				LD_RUNPATH_SEARCH_PATHS = (
					"$(inherited)",
					"@executable_path/Frameworks",
				);
				MARKETING_VERSION = 1.0;
				PRODUCT_BUNDLE_IDENTIFIER = check24.LunchTogether;
				PRODUCT_NAME = "$(TARGET_NAME)";
				SWIFT_EMIT_LOC_STRINGS = YES;
				SWIFT_VERSION = 5.0;
				TARGETED_DEVICE_FAMILY = "1,2";
			};
			name = Release;
		};
/* End XCBuildConfiguration section */

/* Begin XCConfigurationList section */
		36EAC1FC2865B5E4007298E8 /* Build configuration list for PBXProject "LunchTogether" */ = {
			isa = XCConfigurationList;
			buildConfigurations = (
				36EAC20D2865B5E5007298E8 /* Debug */,
				36EAC20E2865B5E5007298E8 /* Release */,
			);
			defaultConfigurationIsVisible = 0;
			defaultConfigurationName = Release;
		};
		36EAC20F2865B5E5007298E8 /* Build configuration list for PBXNativeTarget "LunchTogether" */ = {
			isa = XCConfigurationList;
			buildConfigurations = (
				36EAC2102865B5E5007298E8 /* Debug */,
				36EAC2112865B5E5007298E8 /* Release */,
			);
			defaultConfigurationIsVisible = 0;
			defaultConfigurationName = Release;
		};
/* End XCConfigurationList section */
	};
	rootObject = 36EAC1F92865B5E4007298E8 /* Project object */;
}
